
Microsoft Visual Studio Solution File, Format Version 12.00
Project("{2150E333-8FDC-42A3-9474-1A3956D46DE8}") = "Application", "Application", "{5C43DCBF-7820-46A0-AB00-97C397522444}"
EndProject
Project("{2150E333-8FDC-42A3-9474-1A3956D46DE8}") = "Domain", "Domain", "{10AF7F15-042B-49B1-A228-31D8EE11056E}"
EndProject
Project("{2150E333-8FDC-42A3-9474-1A3956D46DE8}") = "Infrastructure", "Infrastructure", "{513AB93F-7AFF-478A-98E9-C4B0874CFBA0}"
EndProject
Project("{2150E333-8FDC-42A3-9474-1A3956D46DE8}") = "Shared", "Shared", "{476C7C69-52DF-49C9-BD18-6034D8A4B8EC}"
EndProject
Project("{2150E333-8FDC-42A3-9474-1A3956D46DE8}") = "Server", "Server", "{3C7E1094-E25D-4912-89B0-B620E6D2BE5B}"
EndProject
Project("{FAE04EC0-301F-11D3-BF4B-00C04F79EFBC}") = "Application", "Application\Application.csproj", "{D3182F3A-6E24-4BCF-B7C0-A12E7CCB9337}"
EndProject
Project("{FAE04EC0-301F-11D3-BF4B-00C04F79EFBC}") = "Domain", "Domain\Domain.csproj", "{88BE27CF-64D1-4FF6-98DD-D48ED9E167B1}"
EndProject
Project("{FAE04EC0-301F-11D3-BF4B-00C04F79EFBC}") = "Infrastructure", "Infrastructure\Infrastructure.csproj", "{4225A541-F1F5-4370-929C-3ED55AC8BC95}"
EndProject
Project("{FAE04EC0-301F-11D3-BF4B-00C04F79EFBC}") = "Server", "Server\Server.csproj", "{4EA488D3-DA4A-4A8A-AD10-C162947630B8}"
EndProject
Project("{FAE04EC0-301F-11D3-BF4B-00C04F79EFBC}") = "Shared", "Shared\Shared.csproj", "{95AC87A8-E87B-4E23-BB7E-031C0575DD4F}"
EndProject
Global
	GlobalSection(SolutionConfigurationPlatforms) = preSolution
		Debug|Any CPU = Debug|Any CPU
		Release|Any CPU = Release|Any CPU
	EndGlobalSection
	GlobalSection(NestedProjects) = preSolution
		{D3182F3A-6E24-4BCF-B7C0-A12E7CCB9337} = {5C43DCBF-7820-46A0-AB00-97C397522444}
		{88BE27CF-64D1-4FF6-98DD-D48ED9E167B1} = {10AF7F15-042B-49B1-A228-31D8EE11056E}
		{4225A541-F1F5-4370-929C-3ED55AC8BC95} = {513AB93F-7AFF-478A-98E9-C4B0874CFBA0}
		{4EA488D3-DA4A-4A8A-AD10-C162947630B8} = {3C7E1094-E25D-4912-89B0-B620E6D2BE5B}
		{95AC87A8-E87B-4E23-BB7E-031C0575DD4F} = {476C7C69-52DF-49C9-BD18-6034D8A4B8EC}
	EndGlobalSection
	GlobalSection(ProjectConfigurationPlatforms) = postSolution
		{D3182F3A-6E24-4BCF-B7C0-A12E7CCB9337}.Debug|Any CPU.ActiveCfg = Debug|Any CPU
		{D3182F3A-6E24-4BCF-B7C0-A12E7CCB9337}.Debug|Any CPU.Build.0 = Debug|Any CPU
		{D3182F3A-6E24-4BCF-B7C0-A12E7CCB9337}.Release|Any CPU.ActiveCfg = Release|Any CPU
		{D3182F3A-6E24-4BCF-B7C0-A12E7CCB9337}.Release|Any CPU.Build.0 = Release|Any CPU
		{88BE27CF-64D1-4FF6-98DD-D48ED9E167B1}.Debug|Any CPU.ActiveCfg = Debug|Any CPU
		{88BE27CF-64D1-4FF6-98DD-D48ED9E167B1}.Debug|Any CPU.Build.0 = Debug|Any CPU
		{88BE27CF-64D1-4FF6-98DD-D48ED9E167B1}.Release|Any CPU.ActiveCfg = Release|Any CPU
		{88BE27CF-64D1-4FF6-98DD-D48ED9E167B1}.Release|Any CPU.Build.0 = Release|Any CPU
		{4225A541-F1F5-4370-929C-3ED55AC8BC95}.Debug|Any CPU.ActiveCfg = Debug|Any CPU
		{4225A541-F1F5-4370-929C-3ED55AC8BC95}.Debug|Any CPU.Build.0 = Debug|Any CPU
		{4225A541-F1F5-4370-929C-3ED55AC8BC95}.Release|Any CPU.ActiveCfg = Release|Any CPU
		{4225A541-F1F5-4370-929C-3ED55AC8BC95}.Release|Any CPU.Build.0 = Release|Any CPU
		{4EA488D3-DA4A-4A8A-AD10-C162947630B8}.Debug|Any CPU.ActiveCfg = Debug|Any CPU
		{4EA488D3-DA4A-4A8A-AD10-C162947630B8}.Debug|Any CPU.Build.0 = Debug|Any CPU
		{4EA488D3-DA4A-4A8A-AD10-C162947630B8}.Release|Any CPU.ActiveCfg = Release|Any CPU
		{4EA488D3-DA4A-4A8A-AD10-C162947630B8}.Release|Any CPU.Build.0 = Release|Any CPU
		{95AC87A8-E87B-4E23-BB7E-031C0575DD4F}.Debug|Any CPU.ActiveCfg = Debug|Any CPU
		{95AC87A8-E87B-4E23-BB7E-031C0575DD4F}.Debug|Any CPU.Build.0 = Debug|Any CPU
		{95AC87A8-E87B-4E23-BB7E-031C0575DD4F}.Release|Any CPU.ActiveCfg = Release|Any CPU
		{95AC87A8-E87B-4E23-BB7E-031C0575DD4F}.Release|Any CPU.Build.0 = Release|Any CPU
	EndGlobalSection
EndGlobal
